// !$*UTF8*$!
{
	archiveVersion = 1;
	classes = {
	};
	objectVersion = 56;
	objects = {

/* Begin PBXBuildFile section */
		3B0849ED293D364E00FC96B9 /* GuardianApp.swift in Sources */ = {isa = PBXBuildFile; fileRef = 3B0849EC293D364E00FC96B9 /* GuardianApp.swift */; };
		3B0849EF293D364E00FC96B9 /* ContentView.swift in Sources */ = {isa = PBXBuildFile; fileRef = 3B0849EE293D364E00FC96B9 /* ContentView.swift */; };
		3B0849F1293D364F00FC96B9 /* Assets.xcassets in Resources */ = {isa = PBXBuildFile; fileRef = 3B0849F0293D364F00FC96B9 /* Assets.xcassets */; };
		3B0849F4293D364F00FC96B9 /* Preview Assets.xcassets in Resources */ = {isa = PBXBuildFile; fileRef = 3B0849F3293D364F00FC96B9 /* Preview Assets.xcassets */; };
		3B2E94BB2989824E00EF8032 /* PreviewLayoutModifier.swift in Sources */ = {isa = PBXBuildFile; fileRef = 3B2E94BA2989824E00EF8032 /* PreviewLayoutModifier.swift */; };
		3B2E94C22989944800EF8032 /* CommonButton.swift in Sources */ = {isa = PBXBuildFile; fileRef = 3B2E94C12989944800EF8032 /* CommonButton.swift */; };
		3B2E94C629899FE800EF8032 /* LoginEmail.swift in Sources */ = {isa = PBXBuildFile; fileRef = 3B2E94C529899FE800EF8032 /* LoginEmail.swift */; };
		3B2E94C8298AD19C00EF8032 /* CloseModifier.swift in Sources */ = {isa = PBXBuildFile; fileRef = 3B2E94C7298AD19C00EF8032 /* CloseModifier.swift */; };
		3B2E94CA298AD58A00EF8032 /* CreatePIN.swift in Sources */ = {isa = PBXBuildFile; fileRef = 3B2E94C9298AD58A00EF8032 /* CreatePIN.swift */; };
		3B2E94CC298ADD7500EF8032 /* ResetPassword.swift in Sources */ = {isa = PBXBuildFile; fileRef = 3B2E94CB298ADD7500EF8032 /* ResetPassword.swift */; };
		3B3AE671298428A000DF9435 /* RegisterViewModel.swift in Sources */ = {isa = PBXBuildFile; fileRef = 3B3AE670298428A000DF9435 /* RegisterViewModel.swift */; };
		3B3AE67529855D6000DF9435 /* GoogleService-Info.plist in Resources */ = {isa = PBXBuildFile; fileRef = 3B3AE67429855D6000DF9435 /* GoogleService-Info.plist */; };
		3B3AE6822988151100DF9435 /* HomeViewModel.swift in Sources */ = {isa = PBXBuildFile; fileRef = 3B3AE6812988151100DF9435 /* HomeViewModel.swift */; };
		3B3AE68A29881CBF00DF9435 /* SharedMethods.swift in Sources */ = {isa = PBXBuildFile; fileRef = 3B3AE68929881CBF00DF9435 /* SharedMethods.swift */; };
		3B483DB42992BB9E009DE38C /* Extensions.swift in Sources */ = {isa = PBXBuildFile; fileRef = 3B483DB32992BB9E009DE38C /* Extensions.swift */; };
		3B483DB62992BE4D009DE38C /* ImagePicker.swift in Sources */ = {isa = PBXBuildFile; fileRef = 3B483DB52992BE4D009DE38C /* ImagePicker.swift */; };
		3B483DB82992C4C0009DE38C /* chevronRightBtn.swift in Sources */ = {isa = PBXBuildFile; fileRef = 3B483DB72992C4C0009DE38C /* chevronRightBtn.swift */; };
		3B483DBA2992D076009DE38C /* MessageHelper.swift in Sources */ = {isa = PBXBuildFile; fileRef = 3B483DB92992D076009DE38C /* MessageHelper.swift */; };
		3B483DBC2992D24E009DE38C /* Combine.framework in Frameworks */ = {isa = PBXBuildFile; fileRef = 3B483DBB2992D24E009DE38C /* Combine.framework */; };
		3B483DBE2993D5B7009DE38C /* AlertCountDown.swift in Sources */ = {isa = PBXBuildFile; fileRef = 3B483DBD2993D5B7009DE38C /* AlertCountDown.swift */; };
		3B483DC02993D993009DE38C /* EnterPIN.swift in Sources */ = {isa = PBXBuildFile; fileRef = 3B483DBF2993D993009DE38C /* EnterPIN.swift */; };
		3B483DC22993DA10009DE38C /* PINTextField.swift in Sources */ = {isa = PBXBuildFile; fileRef = 3B483DC12993DA10009DE38C /* PINTextField.swift */; };
		3B483DC42993E432009DE38C /* PINModifier.swift in Sources */ = {isa = PBXBuildFile; fileRef = 3B483DC32993E432009DE38C /* PINModifier.swift */; };
		3B483DC62994091F009DE38C /* LocationManager.swift in Sources */ = {isa = PBXBuildFile; fileRef = 3B483DC52994091F009DE38C /* LocationManager.swift */; };
		3B483DC829951598009DE38C /* MapVM.swift in Sources */ = {isa = PBXBuildFile; fileRef = 3B483DC729951598009DE38C /* MapVM.swift */; };
		3B483DCA29951E51009DE38C /* MapView.swift in Sources */ = {isa = PBXBuildFile; fileRef = 3B483DC929951E51009DE38C /* MapView.swift */; };
		3B483DCC29952625009DE38C /* MapPinModifier.swift in Sources */ = {isa = PBXBuildFile; fileRef = 3B483DCB29952625009DE38C /* MapPinModifier.swift */; };
		3B7A7CD0297CD29D007B5F2F /* Home.swift in Sources */ = {isa = PBXBuildFile; fileRef = 3B7A7CCF297CD29D007B5F2F /* Home.swift */; };
		3B99F85B297A0EE50011B8E9 /* LRPageButton.swift in Sources */ = {isa = PBXBuildFile; fileRef = 3B99F85A297A0EE50011B8E9 /* LRPageButton.swift */; };
		3B99F85D297A178D0011B8E9 /* LRPageBackground.swift in Sources */ = {isa = PBXBuildFile; fileRef = 3B99F85C297A178D0011B8E9 /* LRPageBackground.swift */; };
		3B99F85F297B5BCF0011B8E9 /* FirstPage.swift in Sources */ = {isa = PBXBuildFile; fileRef = 3B99F85E297B5BCF0011B8E9 /* FirstPage.swift */; };
		3B99F863297B86AD0011B8E9 /* AlertToast in Frameworks */ = {isa = PBXBuildFile; productRef = 3B99F862297B86AD0011B8E9 /* AlertToast */; };
		3BC6E7C62974EB36008DA312 /* FirebaseAnalytics in Frameworks */ = {isa = PBXBuildFile; productRef = 3BC6E7C52974EB36008DA312 /* FirebaseAnalytics */; };
		3BC6E7C82974EB36008DA312 /* FirebaseCrashlytics in Frameworks */ = {isa = PBXBuildFile; productRef = 3BC6E7C72974EB36008DA312 /* FirebaseCrashlytics */; };
		3BC6E7EE297760E2008DA312 /* FirebaseAuth in Frameworks */ = {isa = PBXBuildFile; productRef = 3BC6E7ED297760E2008DA312 /* FirebaseAuth */; };
		3BC6E7FC29778287008DA312 /* LoginDraft.swift in Sources */ = {isa = PBXBuildFile; fileRef = 3BC6E7FB29778287008DA312 /* LoginDraft.swift */; };
		3BC6E80029778C57008DA312 /* Color.swift in Sources */ = {isa = PBXBuildFile; fileRef = 3BC6E7FF29778C57008DA312 /* Color.swift */; };
		3BC6E8022977974B008DA312 /* LoginPhone.swift in Sources */ = {isa = PBXBuildFile; fileRef = 3BC6E8012977974B008DA312 /* LoginPhone.swift */; };
		3BC6E804297797C8008DA312 /* Register.swift in Sources */ = {isa = PBXBuildFile; fileRef = 3BC6E803297797C8008DA312 /* Register.swift */; };
		3BC6E8062977AC47008DA312 /* LRPageTextField.swift in Sources */ = {isa = PBXBuildFile; fileRef = 3BC6E8052977AC47008DA312 /* LRPageTextField.swift */; };
		3BC6E8082977B1BB008DA312 /* LoginViewModel.swift in Sources */ = {isa = PBXBuildFile; fileRef = 3BC6E8072977B1BB008DA312 /* LoginViewModel.swift */; };
		3BFF15EB298C189800930D9D /* RegisterDetails.swift in Sources */ = {isa = PBXBuildFile; fileRef = 3BFF15EA298C189800930D9D /* RegisterDetails.swift */; };
		3BFF15ED298C1C2500930D9D /* RegisterService.swift in Sources */ = {isa = PBXBuildFile; fileRef = 3BFF15EC298C1C2500930D9D /* RegisterService.swift */; };
		3BFF15EF298C1CF100930D9D /* FirebaseDatabase in Frameworks */ = {isa = PBXBuildFile; productRef = 3BFF15EE298C1CF100930D9D /* FirebaseDatabase */; };
		3BFF15F1298C1D1A00930D9D /* FirebaseDatabaseSwift in Frameworks */ = {isa = PBXBuildFile; productRef = 3BFF15F0298C1D1A00930D9D /* FirebaseDatabaseSwift */; };
		3BFF15F3298C1D2400930D9D /* FirebaseStorage in Frameworks */ = {isa = PBXBuildFile; productRef = 3BFF15F2298C1D2400930D9D /* FirebaseStorage */; };
		3BFF15F5298C1D3200930D9D /* FirebaseAppCheck in Frameworks */ = {isa = PBXBuildFile; productRef = 3BFF15F4298C1D3200930D9D /* FirebaseAppCheck */; };
		3BFF15F9298D775400930D9D /* SessionUserDetails.swift in Sources */ = {isa = PBXBuildFile; fileRef = 3BFF15F8298D775400930D9D /* SessionUserDetails.swift */; };
		3BFF15FB298D785200930D9D /* SessionService.swift in Sources */ = {isa = PBXBuildFile; fileRef = 3BFF15FA298D785200930D9D /* SessionService.swift */; };
		3BFF15FE298E889D00930D9D /* UserProfile.swift in Sources */ = {isa = PBXBuildFile; fileRef = 3BFF15FD298E889D00930D9D /* UserProfile.swift */; };
		3BFF1601298E994800930D9D /* LoginCredentials.swift in Sources */ = {isa = PBXBuildFile; fileRef = 3BFF1600298E994800930D9D /* LoginCredentials.swift */; };
		3BFF1603298ED2FD00930D9D /* LoginService.swift in Sources */ = {isa = PBXBuildFile; fileRef = 3BFF1602298ED2FD00930D9D /* LoginService.swift */; };
		3BFF1605298FE83E00930D9D /* ContactVM.swift in Sources */ = {isa = PBXBuildFile; fileRef = 3BFF1604298FE83E00930D9D /* ContactVM.swift */; };
		3BFF1608298FE92A00930D9D /* EmergencyContact.swift in Sources */ = {isa = PBXBuildFile; fileRef = 3BFF1607298FE92A00930D9D /* EmergencyContact.swift */; };
		3BFF160A298FEAC600930D9D /* Loading.swift in Sources */ = {isa = PBXBuildFile; fileRef = 3BFF1609298FEAC600930D9D /* Loading.swift */; };
		3BFF160C298FEC2F00930D9D /* SettingsStore.swift in Sources */ = {isa = PBXBuildFile; fileRef = 3BFF160B298FEC2F00930D9D /* SettingsStore.swift */; };
		3BFF160E298FEC8500930D9D /* ActivityIndicator.swift in Sources */ = {isa = PBXBuildFile; fileRef = 3BFF160D298FEC8500930D9D /* ActivityIndicator.swift */; };
		3BFF1610298FED8300930D9D /* User.swift in Sources */ = {isa = PBXBuildFile; fileRef = 3BFF160F298FED8300930D9D /* User.swift */; };
		3BFF1614298FEDE600930D9D /* Contacts.swift in Sources */ = {isa = PBXBuildFile; fileRef = 3BFF1613298FEDE600930D9D /* Contacts.swift */; };
		3BFF1616298FEEB800930D9D /* addContactNavBar.swift in Sources */ = {isa = PBXBuildFile; fileRef = 3BFF1615298FEEB800930D9D /* addContactNavBar.swift */; };
		3BFF1618298FEFCD00930D9D /* profileImage.swift in Sources */ = {isa = PBXBuildFile; fileRef = 3BFF1617298FEFCD00930D9D /* profileImage.swift */; };
		3BFF161A298FF0C400930D9D /* ContactItemCell.swift in Sources */ = {isa = PBXBuildFile; fileRef = 3BFF1619298FF0C400930D9D /* ContactItemCell.swift */; };
		3BFF161C298FFD7500930D9D /* contactList.swift in Sources */ = {isa = PBXBuildFile; fileRef = 3BFF161B298FFD7500930D9D /* contactList.swift */; };
		3BFF161F298FFFAE00930D9D /* contactDetails.swift in Sources */ = {isa = PBXBuildFile; fileRef = 3BFF161E298FFFAE00930D9D /* contactDetails.swift */; };
		3BFF1621299008AC00930D9D /* doneNavBar.swift in Sources */ = {isa = PBXBuildFile; fileRef = 3BFF1620299008AC00930D9D /* doneNavBar.swift */; };
		3BFF162329900B8A00930D9D /* TextFieldWithHeading.swift in Sources */ = {isa = PBXBuildFile; fileRef = 3BFF162229900B8A00930D9D /* TextFieldWithHeading.swift */; };
		3BFF162529900BB200930D9D /* DefaultTextLabel.swift in Sources */ = {isa = PBXBuildFile; fileRef = 3BFF162429900BB200930D9D /* DefaultTextLabel.swift */; };
		3BFF16292990113100930D9D /* ContactPickerView.swift in Sources */ = {isa = PBXBuildFile; fileRef = 3BFF16282990113100930D9D /* ContactPickerView.swift */; };
		3BFF162C2990165900930D9D /* contactPickerVM.swift in Sources */ = {isa = PBXBuildFile; fileRef = 3BFF162B2990165900930D9D /* contactPickerVM.swift */; };
		3BFF1630299052DA00930D9D /* ChangePIN.swift in Sources */ = {isa = PBXBuildFile; fileRef = 3BFF162F299052DA00930D9D /* ChangePIN.swift */; };
		3BFF1634299054D600930D9D /* titleNavBar.swift in Sources */ = {isa = PBXBuildFile; fileRef = 3BFF1633299054D600930D9D /* titleNavBar.swift */; };
		3BFF16362990566C00930D9D /* ChangePassword.swift in Sources */ = {isa = PBXBuildFile; fileRef = 3BFF16352990566C00930D9D /* ChangePassword.swift */; };
		3BFF16382990572300930D9D /* ProfileVM.swift in Sources */ = {isa = PBXBuildFile; fileRef = 3BFF16372990572300930D9D /* ProfileVM.swift */; };
/* End PBXBuildFile section */

/* Begin PBXFileReference section */
		3B0849E9293D364E00FC96B9 /* Guardian.app */ = {isa = PBXFileReference; explicitFileType = wrapper.application; includeInIndex = 0; path = Guardian.app; sourceTree = BUILT_PRODUCTS_DIR; };
		3B0849EC293D364E00FC96B9 /* GuardianApp.swift */ = {isa = PBXFileReference; lastKnownFileType = sourcecode.swift; path = GuardianApp.swift; sourceTree = "<group>"; };
		3B0849EE293D364E00FC96B9 /* ContentView.swift */ = {isa = PBXFileReference; lastKnownFileType = sourcecode.swift; path = ContentView.swift; sourceTree = "<group>"; };
		3B0849F0293D364F00FC96B9 /* Assets.xcassets */ = {isa = PBXFileReference; lastKnownFileType = folder.assetcatalog; path = Assets.xcassets; sourceTree = "<group>"; };
		3B0849F3293D364F00FC96B9 /* Preview Assets.xcassets */ = {isa = PBXFileReference; lastKnownFileType = folder.assetcatalog; path = "Preview Assets.xcassets"; sourceTree = "<group>"; };
		3B2E94BA2989824E00EF8032 /* PreviewLayoutModifier.swift */ = {isa = PBXFileReference; lastKnownFileType = sourcecode.swift; path = PreviewLayoutModifier.swift; sourceTree = "<group>"; };
		3B2E94C12989944800EF8032 /* CommonButton.swift */ = {isa = PBXFileReference; lastKnownFileType = sourcecode.swift; path = CommonButton.swift; sourceTree = "<group>"; };
		3B2E94C529899FE800EF8032 /* LoginEmail.swift */ = {isa = PBXFileReference; lastKnownFileType = sourcecode.swift; path = LoginEmail.swift; sourceTree = "<group>"; };
		3B2E94C7298AD19C00EF8032 /* CloseModifier.swift */ = {isa = PBXFileReference; lastKnownFileType = sourcecode.swift; path = CloseModifier.swift; sourceTree = "<group>"; };
		3B2E94C9298AD58A00EF8032 /* CreatePIN.swift */ = {isa = PBXFileReference; lastKnownFileType = sourcecode.swift; path = CreatePIN.swift; sourceTree = "<group>"; };
		3B2E94CB298ADD7500EF8032 /* ResetPassword.swift */ = {isa = PBXFileReference; lastKnownFileType = sourcecode.swift; path = ResetPassword.swift; sourceTree = "<group>"; };
		3B3AE670298428A000DF9435 /* RegisterViewModel.swift */ = {isa = PBXFileReference; lastKnownFileType = sourcecode.swift; path = RegisterViewModel.swift; sourceTree = "<group>"; };
		3B3AE67429855D6000DF9435 /* GoogleService-Info.plist */ = {isa = PBXFileReference; fileEncoding = 4; lastKnownFileType = text.plist.xml; path = "GoogleService-Info.plist"; sourceTree = "<group>"; };
		3B3AE6812988151100DF9435 /* HomeViewModel.swift */ = {isa = PBXFileReference; lastKnownFileType = sourcecode.swift; path = HomeViewModel.swift; sourceTree = "<group>"; };
		3B3AE68929881CBF00DF9435 /* SharedMethods.swift */ = {isa = PBXFileReference; lastKnownFileType = sourcecode.swift; path = SharedMethods.swift; sourceTree = "<group>"; };
		3B483DB32992BB9E009DE38C /* Extensions.swift */ = {isa = PBXFileReference; lastKnownFileType = sourcecode.swift; path = Extensions.swift; sourceTree = "<group>"; };
		3B483DB52992BE4D009DE38C /* ImagePicker.swift */ = {isa = PBXFileReference; lastKnownFileType = sourcecode.swift; path = ImagePicker.swift; sourceTree = "<group>"; };
		3B483DB72992C4C0009DE38C /* chevronRightBtn.swift */ = {isa = PBXFileReference; lastKnownFileType = sourcecode.swift; path = chevronRightBtn.swift; sourceTree = "<group>"; };
		3B483DB92992D076009DE38C /* MessageHelper.swift */ = {isa = PBXFileReference; lastKnownFileType = sourcecode.swift; path = MessageHelper.swift; sourceTree = "<group>"; };
		3B483DBB2992D24E009DE38C /* Combine.framework */ = {isa = PBXFileReference; lastKnownFileType = wrapper.framework; name = Combine.framework; path = System/Library/Frameworks/Combine.framework; sourceTree = SDKROOT; };
		3B483DBD2993D5B7009DE38C /* AlertCountDown.swift */ = {isa = PBXFileReference; lastKnownFileType = sourcecode.swift; path = AlertCountDown.swift; sourceTree = "<group>"; };
		3B483DBF2993D993009DE38C /* EnterPIN.swift */ = {isa = PBXFileReference; lastKnownFileType = sourcecode.swift; path = EnterPIN.swift; sourceTree = "<group>"; };
		3B483DC12993DA10009DE38C /* PINTextField.swift */ = {isa = PBXFileReference; lastKnownFileType = sourcecode.swift; path = PINTextField.swift; sourceTree = "<group>"; };
		3B483DC32993E432009DE38C /* PINModifier.swift */ = {isa = PBXFileReference; lastKnownFileType = sourcecode.swift; path = PINModifier.swift; sourceTree = "<group>"; };
		3B483DC52994091F009DE38C /* LocationManager.swift */ = {isa = PBXFileReference; lastKnownFileType = sourcecode.swift; path = LocationManager.swift; sourceTree = "<group>"; };
		3B483DC729951598009DE38C /* MapVM.swift */ = {isa = PBXFileReference; lastKnownFileType = sourcecode.swift; path = MapVM.swift; sourceTree = "<group>"; };
		3B483DC929951E51009DE38C /* MapView.swift */ = {isa = PBXFileReference; lastKnownFileType = sourcecode.swift; path = MapView.swift; sourceTree = "<group>"; };
		3B483DCB29952625009DE38C /* MapPinModifier.swift */ = {isa = PBXFileReference; lastKnownFileType = sourcecode.swift; path = MapPinModifier.swift; sourceTree = "<group>"; };
		3B7A7CCF297CD29D007B5F2F /* Home.swift */ = {isa = PBXFileReference; lastKnownFileType = sourcecode.swift; path = Home.swift; sourceTree = "<group>"; };
		3B99F8592979FFF50011B8E9 /* Info.plist */ = {isa = PBXFileReference; lastKnownFileType = text.plist; path = Info.plist; sourceTree = "<group>"; };
		3B99F85A297A0EE50011B8E9 /* LRPageButton.swift */ = {isa = PBXFileReference; lastKnownFileType = sourcecode.swift; path = LRPageButton.swift; sourceTree = "<group>"; };
		3B99F85C297A178D0011B8E9 /* LRPageBackground.swift */ = {isa = PBXFileReference; lastKnownFileType = sourcecode.swift; path = LRPageBackground.swift; sourceTree = "<group>"; };
		3B99F85E297B5BCF0011B8E9 /* FirstPage.swift */ = {isa = PBXFileReference; lastKnownFileType = sourcecode.swift; path = FirstPage.swift; sourceTree = "<group>"; };
		3BC6E7F929778208008DA312 /* Guardian.entitlements */ = {isa = PBXFileReference; lastKnownFileType = text.plist.entitlements; path = Guardian.entitlements; sourceTree = "<group>"; };
		3BC6E7FB29778287008DA312 /* LoginDraft.swift */ = {isa = PBXFileReference; lastKnownFileType = sourcecode.swift; path = LoginDraft.swift; sourceTree = "<group>"; };
		3BC6E7FF29778C57008DA312 /* Color.swift */ = {isa = PBXFileReference; lastKnownFileType = sourcecode.swift; path = Color.swift; sourceTree = "<group>"; };
		3BC6E8012977974B008DA312 /* LoginPhone.swift */ = {isa = PBXFileReference; lastKnownFileType = sourcecode.swift; path = LoginPhone.swift; sourceTree = "<group>"; };
		3BC6E803297797C8008DA312 /* Register.swift */ = {isa = PBXFileReference; lastKnownFileType = sourcecode.swift; path = Register.swift; sourceTree = "<group>"; };
		3BC6E8052977AC47008DA312 /* LRPageTextField.swift */ = {isa = PBXFileReference; lastKnownFileType = sourcecode.swift; path = LRPageTextField.swift; sourceTree = "<group>"; };
		3BC6E8072977B1BB008DA312 /* LoginViewModel.swift */ = {isa = PBXFileReference; lastKnownFileType = sourcecode.swift; path = LoginViewModel.swift; sourceTree = "<group>"; };
		3BFF15EA298C189800930D9D /* RegisterDetails.swift */ = {isa = PBXFileReference; lastKnownFileType = sourcecode.swift; path = RegisterDetails.swift; sourceTree = "<group>"; };
		3BFF15EC298C1C2500930D9D /* RegisterService.swift */ = {isa = PBXFileReference; lastKnownFileType = sourcecode.swift; path = RegisterService.swift; sourceTree = "<group>"; };
		3BFF15F8298D775400930D9D /* SessionUserDetails.swift */ = {isa = PBXFileReference; lastKnownFileType = sourcecode.swift; path = SessionUserDetails.swift; sourceTree = "<group>"; };
		3BFF15FA298D785200930D9D /* SessionService.swift */ = {isa = PBXFileReference; lastKnownFileType = sourcecode.swift; path = SessionService.swift; sourceTree = "<group>"; };
		3BFF15FD298E889D00930D9D /* UserProfile.swift */ = {isa = PBXFileReference; lastKnownFileType = sourcecode.swift; path = UserProfile.swift; sourceTree = "<group>"; };
		3BFF1600298E994800930D9D /* LoginCredentials.swift */ = {isa = PBXFileReference; lastKnownFileType = sourcecode.swift; path = LoginCredentials.swift; sourceTree = "<group>"; };
		3BFF1602298ED2FD00930D9D /* LoginService.swift */ = {isa = PBXFileReference; lastKnownFileType = sourcecode.swift; path = LoginService.swift; sourceTree = "<group>"; };
		3BFF1604298FE83E00930D9D /* ContactVM.swift */ = {isa = PBXFileReference; lastKnownFileType = sourcecode.swift; path = ContactVM.swift; sourceTree = "<group>"; };
		3BFF1607298FE92A00930D9D /* EmergencyContact.swift */ = {isa = PBXFileReference; lastKnownFileType = sourcecode.swift; path = EmergencyContact.swift; sourceTree = "<group>"; };
		3BFF1609298FEAC600930D9D /* Loading.swift */ = {isa = PBXFileReference; lastKnownFileType = sourcecode.swift; path = Loading.swift; sourceTree = "<group>"; };
		3BFF160B298FEC2F00930D9D /* SettingsStore.swift */ = {isa = PBXFileReference; lastKnownFileType = sourcecode.swift; path = SettingsStore.swift; sourceTree = "<group>"; };
		3BFF160D298FEC8500930D9D /* ActivityIndicator.swift */ = {isa = PBXFileReference; lastKnownFileType = sourcecode.swift; path = ActivityIndicator.swift; sourceTree = "<group>"; };
		3BFF160F298FED8300930D9D /* User.swift */ = {isa = PBXFileReference; lastKnownFileType = sourcecode.swift; path = User.swift; sourceTree = "<group>"; };
		3BFF1613298FEDE600930D9D /* Contacts.swift */ = {isa = PBXFileReference; lastKnownFileType = sourcecode.swift; path = Contacts.swift; sourceTree = "<group>"; };
		3BFF1615298FEEB800930D9D /* addContactNavBar.swift */ = {isa = PBXFileReference; lastKnownFileType = sourcecode.swift; path = addContactNavBar.swift; sourceTree = "<group>"; };
		3BFF1617298FEFCD00930D9D /* profileImage.swift */ = {isa = PBXFileReference; lastKnownFileType = sourcecode.swift; path = profileImage.swift; sourceTree = "<group>"; };
		3BFF1619298FF0C400930D9D /* ContactItemCell.swift */ = {isa = PBXFileReference; lastKnownFileType = sourcecode.swift; path = ContactItemCell.swift; sourceTree = "<group>"; };
		3BFF161B298FFD7500930D9D /* contactList.swift */ = {isa = PBXFileReference; lastKnownFileType = sourcecode.swift; path = contactList.swift; sourceTree = "<group>"; };
		3BFF161E298FFFAE00930D9D /* contactDetails.swift */ = {isa = PBXFileReference; lastKnownFileType = sourcecode.swift; path = contactDetails.swift; sourceTree = "<group>"; };
		3BFF1620299008AC00930D9D /* doneNavBar.swift */ = {isa = PBXFileReference; lastKnownFileType = sourcecode.swift; path = doneNavBar.swift; sourceTree = "<group>"; };
		3BFF162229900B8A00930D9D /* TextFieldWithHeading.swift */ = {isa = PBXFileReference; lastKnownFileType = sourcecode.swift; path = TextFieldWithHeading.swift; sourceTree = "<group>"; };
		3BFF162429900BB200930D9D /* DefaultTextLabel.swift */ = {isa = PBXFileReference; lastKnownFileType = sourcecode.swift; path = DefaultTextLabel.swift; sourceTree = "<group>"; };
		3BFF16282990113100930D9D /* ContactPickerView.swift */ = {isa = PBXFileReference; lastKnownFileType = sourcecode.swift; path = ContactPickerView.swift; sourceTree = "<group>"; };
		3BFF162B2990165900930D9D /* contactPickerVM.swift */ = {isa = PBXFileReference; lastKnownFileType = sourcecode.swift; path = contactPickerVM.swift; sourceTree = "<group>"; };
		3BFF162F299052DA00930D9D /* ChangePIN.swift */ = {isa = PBXFileReference; lastKnownFileType = sourcecode.swift; path = ChangePIN.swift; sourceTree = "<group>"; };
		3BFF1633299054D600930D9D /* titleNavBar.swift */ = {isa = PBXFileReference; lastKnownFileType = sourcecode.swift; path = titleNavBar.swift; sourceTree = "<group>"; };
		3BFF16352990566C00930D9D /* ChangePassword.swift */ = {isa = PBXFileReference; lastKnownFileType = sourcecode.swift; path = ChangePassword.swift; sourceTree = "<group>"; };
		3BFF16372990572300930D9D /* ProfileVM.swift */ = {isa = PBXFileReference; lastKnownFileType = sourcecode.swift; path = ProfileVM.swift; sourceTree = "<group>"; };
/* End PBXFileReference section */

/* Begin PBXFrameworksBuildPhase section */
		3B0849E6293D364E00FC96B9 /* Frameworks */ = {
			isa = PBXFrameworksBuildPhase;
			buildActionMask = 2147483647;
			files = (
				3BFF15F5298C1D3200930D9D /* FirebaseAppCheck in Frameworks */,
				3BFF15F1298C1D1A00930D9D /* FirebaseDatabaseSwift in Frameworks */,
				3BFF15EF298C1CF100930D9D /* FirebaseDatabase in Frameworks */,
				3BC6E7C62974EB36008DA312 /* FirebaseAnalytics in Frameworks */,
				3B99F863297B86AD0011B8E9 /* AlertToast in Frameworks */,
				3BFF15F3298C1D2400930D9D /* FirebaseStorage in Frameworks */,
				3BC6E7EE297760E2008DA312 /* FirebaseAuth in Frameworks */,
				3B483DBC2992D24E009DE38C /* Combine.framework in Frameworks */,
				3BC6E7C82974EB36008DA312 /* FirebaseCrashlytics in Frameworks */,
			);
			runOnlyForDeploymentPostprocessing = 0;
		};
/* End PBXFrameworksBuildPhase section */

/* Begin PBXGroup section */
		3B0849E0293D364E00FC96B9 = {
			isa = PBXGroup;
			children = (
				3B0849EB293D364E00FC96B9 /* Guardian */,
				3B0849EA293D364E00FC96B9 /* Products */,
				3BC6E7EC297760E2008DA312 /* Frameworks */,
			);
			sourceTree = "<group>";
		};
		3B0849EA293D364E00FC96B9 /* Products */ = {
			isa = PBXGroup;
			children = (
				3B0849E9293D364E00FC96B9 /* Guardian.app */,
			);
			name = Products;
			sourceTree = "<group>";
		};
		3B0849EB293D364E00FC96B9 /* Guardian */ = {
			isa = PBXGroup;
			children = (
				3BDB1DA92997D23F0083204D /* Map */,
				3B483DC729951598009DE38C /* MapVM.swift */,
				3BFF15F6298D773C00930D9D /* Session */,
				3B3AE67C2988129F00DF9435 /* Profile */,
				3B3AE67B2988129300DF9435 /* Contacts */,
				3B3AE67A2988128400DF9435 /* Home */,
				3B3AE6792988126F00DF9435 /* Onboarding */,
				3B3AE6782988122E00DF9435 /* Shared */,
				3B99F8592979FFF50011B8E9 /* Info.plist */,
				3B0849EC293D364E00FC96B9 /* GuardianApp.swift */,
				3BC6E7F929778208008DA312 /* Guardian.entitlements */,
				3B3AE67429855D6000DF9435 /* GoogleService-Info.plist */,
				3B0849F0293D364F00FC96B9 /* Assets.xcassets */,
				3B0849F2293D364F00FC96B9 /* Preview Content */,
			);
			path = Guardian;
			sourceTree = "<group>";
		};
		3B0849F2293D364F00FC96B9 /* Preview Content */ = {
			isa = PBXGroup;
			children = (
				3B0849F3293D364F00FC96B9 /* Preview Assets.xcassets */,
			);
			path = "Preview Content";
			sourceTree = "<group>";
		};
		3B2E94B92989822A00EF8032 /* ViewModifier */ = {
			isa = PBXGroup;
			children = (
				3B2E94BA2989824E00EF8032 /* PreviewLayoutModifier.swift */,
				3B2E94C7298AD19C00EF8032 /* CloseModifier.swift */,
				3B483DC32993E432009DE38C /* PINModifier.swift */,
				3B483DCB29952625009DE38C /* MapPinModifier.swift */,
			);
			path = ViewModifier;
			sourceTree = "<group>";
		};
		3B2E94BC2989935D00EF8032 /* Buttons */ = {
			isa = PBXGroup;
			children = (
				3B99F85A297A0EE50011B8E9 /* LRPageButton.swift */,
				3B2E94C12989944800EF8032 /* CommonButton.swift */,
				3B483DB72992C4C0009DE38C /* chevronRightBtn.swift */,
			);
			path = Buttons;
			sourceTree = "<group>";
		};
		3B2E94CD298ADDA000EF8032 /* Login */ = {
			isa = PBXGroup;
			children = (
				3BFF15FF298E992D00930D9D /* Model */,
				3B2E94D0298ADDC200EF8032 /* ViewModel */,
				3B2E94CF298ADDBB00EF8032 /* View */,
				3BFF1602298ED2FD00930D9D /* LoginService.swift */,
			);
			path = Login;
			sourceTree = "<group>";
		};
		3B2E94CE298ADDAB00EF8032 /* Register */ = {
			isa = PBXGroup;
			children = (
				3BFF15E9298C185700930D9D /* Model */,
				3B2E94D2298ADE0400EF8032 /* ViewModel */,
				3B2E94D1298ADDFE00EF8032 /* View */,
				3BFF15EC298C1C2500930D9D /* RegisterService.swift */,
			);
			path = Register;
			sourceTree = "<group>";
		};
		3B2E94CF298ADDBB00EF8032 /* View */ = {
			isa = PBXGroup;
			children = (
				3BC6E7FB29778287008DA312 /* LoginDraft.swift */,
				3B2E94C529899FE800EF8032 /* LoginEmail.swift */,
				3BC6E8012977974B008DA312 /* LoginPhone.swift */,
				3B2E94CB298ADD7500EF8032 /* ResetPassword.swift */,
			);
			path = View;
			sourceTree = "<group>";
		};
		3B2E94D0298ADDC200EF8032 /* ViewModel */ = {
			isa = PBXGroup;
			children = (
				3BC6E8072977B1BB008DA312 /* LoginViewModel.swift */,
			);
			path = ViewModel;
			sourceTree = "<group>";
		};
		3B2E94D1298ADDFE00EF8032 /* View */ = {
			isa = PBXGroup;
			children = (
				3BC6E803297797C8008DA312 /* Register.swift */,
				3B2E94C9298AD58A00EF8032 /* CreatePIN.swift */,
			);
			path = View;
			sourceTree = "<group>";
		};
		3B2E94D2298ADE0400EF8032 /* ViewModel */ = {
			isa = PBXGroup;
			children = (
				3B3AE670298428A000DF9435 /* RegisterViewModel.swift */,
			);
			path = ViewModel;
			sourceTree = "<group>";
		};
		3B3AE6782988122E00DF9435 /* Shared */ = {
			isa = PBXGroup;
			children = (
				3B2E94B92989822A00EF8032 /* ViewModifier */,
				3B3AE6802988140500DF9435 /* ViewComponents */,
				3BC6E7FF29778C57008DA312 /* Color.swift */,
				3BFF1609298FEAC600930D9D /* Loading.swift */,
				3B3AE68929881CBF00DF9435 /* SharedMethods.swift */,
				3BFF160B298FEC2F00930D9D /* SettingsStore.swift */,
				3BFF160D298FEC8500930D9D /* ActivityIndicator.swift */,
				3B483DB32992BB9E009DE38C /* Extensions.swift */,
				3B483DB52992BE4D009DE38C /* ImagePicker.swift */,
				3B483DB92992D076009DE38C /* MessageHelper.swift */,
				3B483DC52994091F009DE38C /* LocationManager.swift */,
			);
			path = Shared;
			sourceTree = "<group>";
		};
		3B3AE6792988126F00DF9435 /* Onboarding */ = {
			isa = PBXGroup;
			children = (
				3B0849EE293D364E00FC96B9 /* ContentView.swift */,
				3B99F85E297B5BCF0011B8E9 /* FirstPage.swift */,
				3B2E94CE298ADDAB00EF8032 /* Register */,
				3B2E94CD298ADDA000EF8032 /* Login */,
			);
			path = Onboarding;
			sourceTree = "<group>";
		};
		3B3AE67A2988128400DF9435 /* Home */ = {
			isa = PBXGroup;
			children = (
				3B3AE67E2988137200DF9435 /* View */,
				3B3AE6812988151100DF9435 /* HomeViewModel.swift */,
			);
			path = Home;
			sourceTree = "<group>";
		};
		3B3AE67B2988129300DF9435 /* Contacts */ = {
			isa = PBXGroup;
			children = (
				3BFF162A2990164600930D9D /* ViewModel */,
				3BFF1612298FEDC700930D9D /* View */,
				3BFF1606298FE91F00930D9D /* Model */,
			);
			path = Contacts;
			sourceTree = "<group>";
		};
		3B3AE67C2988129F00DF9435 /* Profile */ = {
			isa = PBXGroup;
			children = (
				3BFF1611298FED8A00930D9D /* Model */,
				3BFF15FC298E888D00930D9D /* View */,
				3BFF16372990572300930D9D /* ProfileVM.swift */,
			);
			path = Profile;
			sourceTree = "<group>";
		};
		3B3AE67E2988137200DF9435 /* View */ = {
			isa = PBXGroup;
			children = (
				3B7A7CCF297CD29D007B5F2F /* Home.swift */,
				3B483DBD2993D5B7009DE38C /* AlertCountDown.swift */,
				3B483DBF2993D993009DE38C /* EnterPIN.swift */,
			);
			path = View;
			sourceTree = "<group>";
		};
		3B3AE6802988140500DF9435 /* ViewComponents */ = {
			isa = PBXGroup;
			children = (
				3B2E94BC2989935D00EF8032 /* Buttons */,
				3B99F85C297A178D0011B8E9 /* LRPageBackground.swift */,
				3BC6E8052977AC47008DA312 /* LRPageTextField.swift */,
				3BFF1615298FEEB800930D9D /* addContactNavBar.swift */,
				3BFF1633299054D600930D9D /* titleNavBar.swift */,
				3BFF1620299008AC00930D9D /* doneNavBar.swift */,
				3BFF1619298FF0C400930D9D /* ContactItemCell.swift */,
				3BFF1617298FEFCD00930D9D /* profileImage.swift */,
				3BFF162229900B8A00930D9D /* TextFieldWithHeading.swift */,
				3BFF162429900BB200930D9D /* DefaultTextLabel.swift */,
				3B483DC12993DA10009DE38C /* PINTextField.swift */,
			);
			path = ViewComponents;
			sourceTree = "<group>";
		};
		3BC6E7EC297760E2008DA312 /* Frameworks */ = {
			isa = PBXGroup;
			children = (
				3B483DBB2992D24E009DE38C /* Combine.framework */,
			);
			name = Frameworks;
			sourceTree = "<group>";
		};
		3BDB1DA92997D23F0083204D /* Map */ = {
			isa = PBXGroup;
			children = (
				3BDB1DAA2997D24E0083204D /* Views */,
			);
			path = Map;
			sourceTree = "<group>";
		};
		3BDB1DAA2997D24E0083204D /* Views */ = {
			isa = PBXGroup;
			children = (
				3B483DC929951E51009DE38C /* MapView.swift */,
			);
			path = Views;
			sourceTree = "<group>";
		};
		3BFF15E9298C185700930D9D /* Model */ = {
			isa = PBXGroup;
			children = (
				3BFF15EA298C189800930D9D /* RegisterDetails.swift */,
			);
			path = Model;
			sourceTree = "<group>";
		};
		3BFF15F6298D773C00930D9D /* Session */ = {
			isa = PBXGroup;
			children = (
				3BFF15F7298D774400930D9D /* Model */,
				3BFF15FA298D785200930D9D /* SessionService.swift */,
			);
			path = Session;
			sourceTree = "<group>";
		};
		3BFF15F7298D774400930D9D /* Model */ = {
			isa = PBXGroup;
			children = (
				3BFF15F8298D775400930D9D /* SessionUserDetails.swift */,
			);
			path = Model;
			sourceTree = "<group>";
		};
		3BFF15FC298E888D00930D9D /* View */ = {
			isa = PBXGroup;
			children = (
				3BFF15FD298E889D00930D9D /* UserProfile.swift */,
				3BFF162F299052DA00930D9D /* ChangePIN.swift */,
				3BFF16352990566C00930D9D /* ChangePassword.swift */,
			);
			path = View;
			sourceTree = "<group>";
		};
		3BFF15FF298E992D00930D9D /* Model */ = {
			isa = PBXGroup;
			children = (
				3BFF1600298E994800930D9D /* LoginCredentials.swift */,
			);
			path = Model;
			sourceTree = "<group>";
		};
		3BFF1606298FE91F00930D9D /* Model */ = {
			isa = PBXGroup;
			children = (
				3BFF1607298FE92A00930D9D /* EmergencyContact.swift */,
			);
			path = Model;
			sourceTree = "<group>";
		};
		3BFF1611298FED8A00930D9D /* Model */ = {
			isa = PBXGroup;
			children = (
				3BFF160F298FED8300930D9D /* User.swift */,
			);
			path = Model;
			sourceTree = "<group>";
		};
		3BFF1612298FEDC700930D9D /* View */ = {
			isa = PBXGroup;
			children = (
				3BFF1613298FEDE600930D9D /* Contacts.swift */,
				3BFF161B298FFD7500930D9D /* contactList.swift */,
				3BFF161E298FFFAE00930D9D /* contactDetails.swift */,
				3BFF16282990113100930D9D /* ContactPickerView.swift */,
			);
			path = View;
			sourceTree = "<group>";
		};
		3BFF162A2990164600930D9D /* ViewModel */ = {
			isa = PBXGroup;
			children = (
				3BFF1604298FE83E00930D9D /* ContactVM.swift */,
				3BFF162B2990165900930D9D /* contactPickerVM.swift */,
			);
			path = ViewModel;
			sourceTree = "<group>";
		};
/* End PBXGroup section */

/* Begin PBXNativeTarget section */
		3B0849E8293D364E00FC96B9 /* Guardian */ = {
			isa = PBXNativeTarget;
			buildConfigurationList = 3B0849F7293D364F00FC96B9 /* Build configuration list for PBXNativeTarget "Guardian" */;
			buildPhases = (
				3B0849E5293D364E00FC96B9 /* Sources */,
				3B0849E6293D364E00FC96B9 /* Frameworks */,
				3B0849E7293D364E00FC96B9 /* Resources */,
				3BC6E7C92974F5CD008DA312 /* Crashlytics Run Script */,
			);
			buildRules = (
			);
			dependencies = (
			);
			name = Guardian;
			packageProductDependencies = (
				3BC6E7C52974EB36008DA312 /* FirebaseAnalytics */,
				3BC6E7C72974EB36008DA312 /* FirebaseCrashlytics */,
				3BC6E7ED297760E2008DA312 /* FirebaseAuth */,
				3B99F862297B86AD0011B8E9 /* AlertToast */,
				3BFF15EE298C1CF100930D9D /* FirebaseDatabase */,
				3BFF15F0298C1D1A00930D9D /* FirebaseDatabaseSwift */,
				3BFF15F2298C1D2400930D9D /* FirebaseStorage */,
				3BFF15F4298C1D3200930D9D /* FirebaseAppCheck */,
			);
			productName = Guardian;
			productReference = 3B0849E9293D364E00FC96B9 /* Guardian.app */;
			productType = "com.apple.product-type.application";
		};
/* End PBXNativeTarget section */

/* Begin PBXProject section */
		3B0849E1293D364E00FC96B9 /* Project object */ = {
			isa = PBXProject;
			attributes = {
				BuildIndependentTargetsInParallel = 1;
				LastSwiftUpdateCheck = 1410;
				LastUpgradeCheck = 1410;
				TargetAttributes = {
					3B0849E8293D364E00FC96B9 = {
						CreatedOnToolsVersion = 14.1;
					};
				};
			};
			buildConfigurationList = 3B0849E4293D364E00FC96B9 /* Build configuration list for PBXProject "Guardian" */;
			compatibilityVersion = "Xcode 14.0";
			developmentRegion = en;
			hasScannedForEncodings = 0;
			knownRegions = (
				en,
				Base,
			);
			mainGroup = 3B0849E0293D364E00FC96B9;
			packageReferences = (
				3BC6E7C42974EB36008DA312 /* XCRemoteSwiftPackageReference "firebase-ios-sdk" */,
				3B99F861297B86AD0011B8E9 /* XCRemoteSwiftPackageReference "AlertToast" */,
			);
			productRefGroup = 3B0849EA293D364E00FC96B9 /* Products */;
			projectDirPath = "";
			projectRoot = "";
			targets = (
				3B0849E8293D364E00FC96B9 /* Guardian */,
			);
		};
/* End PBXProject section */

/* Begin PBXResourcesBuildPhase section */
		3B0849E7293D364E00FC96B9 /* Resources */ = {
			isa = PBXResourcesBuildPhase;
			buildActionMask = 2147483647;
			files = (
				3B0849F4293D364F00FC96B9 /* Preview Assets.xcassets in Resources */,
				3B0849F1293D364F00FC96B9 /* Assets.xcassets in Resources */,
				3B3AE67529855D6000DF9435 /* GoogleService-Info.plist in Resources */,
			);
			runOnlyForDeploymentPostprocessing = 0;
		};
/* End PBXResourcesBuildPhase section */

/* Begin PBXShellScriptBuildPhase section */
		3BC6E7C92974F5CD008DA312 /* Crashlytics Run Script */ = {
			isa = PBXShellScriptBuildPhase;
			buildActionMask = 2147483647;
			files = (
			);
			inputFileListPaths = (
			);
			inputPaths = (
				"$(SRCROOT)/$(BUILT_PRODUCTS_DIR)/$(INFOPLIST_PATH)",
				"${DWARF_DSYM_FOLDER_PATH}/${DWARF_DSYM_FILE_NAME}/Contents/Resources/DWARF/${TARGET_NAME}",
			);
			name = "Crashlytics Run Script";
			outputFileListPaths = (
			);
			outputPaths = (
			);
			runOnlyForDeploymentPostprocessing = 0;
			shellPath = /bin/sh;
			shellScript = "# Type a script or drag a script file from your workspace to insert its path.\n\"${BUILD_DIR%/Build/*}/SourcePackages/checkouts/firebase-ios-sdk/Crashlytics/run\"\n";
		};
/* End PBXShellScriptBuildPhase section */

/* Begin PBXSourcesBuildPhase section */
		3B0849E5293D364E00FC96B9 /* Sources */ = {
			isa = PBXSourcesBuildPhase;
			buildActionMask = 2147483647;
			files = (
				3B3AE6822988151100DF9435 /* HomeViewModel.swift in Sources */,
				3BFF15ED298C1C2500930D9D /* RegisterService.swift in Sources */,
				3BC6E80029778C57008DA312 /* Color.swift in Sources */,
				3B483DB62992BE4D009DE38C /* ImagePicker.swift in Sources */,
				3BFF1618298FEFCD00930D9D /* profileImage.swift in Sources */,
				3BFF160C298FEC2F00930D9D /* SettingsStore.swift in Sources */,
				3B483DC62994091F009DE38C /* LocationManager.swift in Sources */,
				3BFF16382990572300930D9D /* ProfileVM.swift in Sources */,
				3BFF1616298FEEB800930D9D /* addContactNavBar.swift in Sources */,
				3BFF1634299054D600930D9D /* titleNavBar.swift in Sources */,
				3B483DCA29951E51009DE38C /* MapView.swift in Sources */,
				3BFF1614298FEDE600930D9D /* Contacts.swift in Sources */,
				3B483DCC29952625009DE38C /* MapPinModifier.swift in Sources */,
				3BC6E804297797C8008DA312 /* Register.swift in Sources */,
				3B483DC02993D993009DE38C /* EnterPIN.swift in Sources */,
				3BFF162329900B8A00930D9D /* TextFieldWithHeading.swift in Sources */,
				3BFF15F9298D775400930D9D /* SessionUserDetails.swift in Sources */,
				3BFF1601298E994800930D9D /* LoginCredentials.swift in Sources */,
				3BFF160A298FEAC600930D9D /* Loading.swift in Sources */,
				3B3AE671298428A000DF9435 /* RegisterViewModel.swift in Sources */,
				3B483DBE2993D5B7009DE38C /* AlertCountDown.swift in Sources */,
				3B2E94CA298AD58A00EF8032 /* CreatePIN.swift in Sources */,
				3BFF162529900BB200930D9D /* DefaultTextLabel.swift in Sources */,
				3BFF1603298ED2FD00930D9D /* LoginService.swift in Sources */,
				3B483DC829951598009DE38C /* MapVM.swift in Sources */,
				3BFF15FE298E889D00930D9D /* UserProfile.swift in Sources */,
				3B2E94C8298AD19C00EF8032 /* CloseModifier.swift in Sources */,
				3B99F85B297A0EE50011B8E9 /* LRPageButton.swift in Sources */,
				3BFF16292990113100930D9D /* ContactPickerView.swift in Sources */,
				3BFF161C298FFD7500930D9D /* contactList.swift in Sources */,
				3B2E94C22989944800EF8032 /* CommonButton.swift in Sources */,
				3BFF160E298FEC8500930D9D /* ActivityIndicator.swift in Sources */,
				3BFF161A298FF0C400930D9D /* ContactItemCell.swift in Sources */,
				3B99F85D297A178D0011B8E9 /* LRPageBackground.swift in Sources */,
				3B0849EF293D364E00FC96B9 /* ContentView.swift in Sources */,
				3BC6E7FC29778287008DA312 /* LoginDraft.swift in Sources */,
				3BFF1608298FE92A00930D9D /* EmergencyContact.swift in Sources */,
				3B2E94CC298ADD7500EF8032 /* ResetPassword.swift in Sources */,
				3BFF15EB298C189800930D9D /* RegisterDetails.swift in Sources */,
				3BFF1610298FED8300930D9D /* User.swift in Sources */,
				3BFF15FB298D785200930D9D /* SessionService.swift in Sources */,
				3B483DBA2992D076009DE38C /* MessageHelper.swift in Sources */,
				3B2E94BB2989824E00EF8032 /* PreviewLayoutModifier.swift in Sources */,
				3BC6E8082977B1BB008DA312 /* LoginViewModel.swift in Sources */,
				3BC6E8062977AC47008DA312 /* LRPageTextField.swift in Sources */,
				3BFF1630299052DA00930D9D /* ChangePIN.swift in Sources */,
				3B0849ED293D364E00FC96B9 /* GuardianApp.swift in Sources */,
				3BFF1605298FE83E00930D9D /* ContactVM.swift in Sources */,
				3BC6E8022977974B008DA312 /* LoginPhone.swift in Sources */,
				3B483DB82992C4C0009DE38C /* chevronRightBtn.swift in Sources */,
				3BFF16362990566C00930D9D /* ChangePassword.swift in Sources */,
				3B7A7CD0297CD29D007B5F2F /* Home.swift in Sources */,
				3B2E94C629899FE800EF8032 /* LoginEmail.swift in Sources */,
				3B483DC42993E432009DE38C /* PINModifier.swift in Sources */,
				3B99F85F297B5BCF0011B8E9 /* FirstPage.swift in Sources */,
				3B483DB42992BB9E009DE38C /* Extensions.swift in Sources */,
				3BFF161F298FFFAE00930D9D /* contactDetails.swift in Sources */,
				3BFF162C2990165900930D9D /* contactPickerVM.swift in Sources */,
				3B483DC22993DA10009DE38C /* PINTextField.swift in Sources */,
				3B3AE68A29881CBF00DF9435 /* SharedMethods.swift in Sources */,
				3BFF1621299008AC00930D9D /* doneNavBar.swift in Sources */,
			);
			runOnlyForDeploymentPostprocessing = 0;
		};
/* End PBXSourcesBuildPhase section */

/* Begin XCBuildConfiguration section */
		3B0849F5293D364F00FC96B9 /* Debug */ = {
			isa = XCBuildConfiguration;
			buildSettings = {
				ALWAYS_SEARCH_USER_PATHS = NO;
				CLANG_ANALYZER_NONNULL = YES;
				CLANG_ANALYZER_NUMBER_OBJECT_CONVERSION = YES_AGGRESSIVE;
				CLANG_CXX_LANGUAGE_STANDARD = "gnu++20";
				CLANG_ENABLE_MODULES = YES;
				CLANG_ENABLE_OBJC_ARC = YES;
				CLANG_ENABLE_OBJC_WEAK = YES;
				CLANG_WARN_BLOCK_CAPTURE_AUTORELEASING = YES;
				CLANG_WARN_BOOL_CONVERSION = YES;
				CLANG_WARN_COMMA = YES;
				CLANG_WARN_CONSTANT_CONVERSION = YES;
				CLANG_WARN_DEPRECATED_OBJC_IMPLEMENTATIONS = YES;
				CLANG_WARN_DIRECT_OBJC_ISA_USAGE = YES_ERROR;
				CLANG_WARN_DOCUMENTATION_COMMENTS = YES;
				CLANG_WARN_EMPTY_BODY = YES;
				CLANG_WARN_ENUM_CONVERSION = YES;
				CLANG_WARN_INFINITE_RECURSION = YES;
				CLANG_WARN_INT_CONVERSION = YES;
				CLANG_WARN_NON_LITERAL_NULL_CONVERSION = YES;
				CLANG_WARN_OBJC_IMPLICIT_RETAIN_SELF = YES;
				CLANG_WARN_OBJC_LITERAL_CONVERSION = YES;
				CLANG_WARN_OBJC_ROOT_CLASS = YES_ERROR;
				CLANG_WARN_QUOTED_INCLUDE_IN_FRAMEWORK_HEADER = YES;
				CLANG_WARN_RANGE_LOOP_ANALYSIS = YES;
				CLANG_WARN_STRICT_PROTOTYPES = YES;
				CLANG_WARN_SUSPICIOUS_MOVE = YES;
				CLANG_WARN_UNGUARDED_AVAILABILITY = YES_AGGRESSIVE;
				CLANG_WARN_UNREACHABLE_CODE = YES;
				CLANG_WARN__DUPLICATE_METHOD_MATCH = YES;
				COPY_PHASE_STRIP = NO;
				DEBUG_INFORMATION_FORMAT = "dwarf-with-dsym";
				ENABLE_STRICT_OBJC_MSGSEND = YES;
				ENABLE_TESTABILITY = YES;
				GCC_C_LANGUAGE_STANDARD = gnu11;
				GCC_DYNAMIC_NO_PIC = NO;
				GCC_NO_COMMON_BLOCKS = YES;
				GCC_OPTIMIZATION_LEVEL = 0;
				GCC_PREPROCESSOR_DEFINITIONS = (
					"DEBUG=1",
					"$(inherited)",
				);
				GCC_WARN_64_TO_32_BIT_CONVERSION = YES;
				GCC_WARN_ABOUT_RETURN_TYPE = YES_ERROR;
				GCC_WARN_UNDECLARED_SELECTOR = YES;
				GCC_WARN_UNINITIALIZED_AUTOS = YES_AGGRESSIVE;
				GCC_WARN_UNUSED_FUNCTION = YES;
				GCC_WARN_UNUSED_VARIABLE = YES;
				IPHONEOS_DEPLOYMENT_TARGET = 15.0;
				MTL_ENABLE_DEBUG_INFO = INCLUDE_SOURCE;
				MTL_FAST_MATH = YES;
				ONLY_ACTIVE_ARCH = YES;
				SDKROOT = iphoneos;
				SWIFT_ACTIVE_COMPILATION_CONDITIONS = DEBUG;
				SWIFT_OPTIMIZATION_LEVEL = "-Onone";
			};
			name = Debug;
		};
		3B0849F6293D364F00FC96B9 /* Release */ = {
			isa = XCBuildConfiguration;
			buildSettings = {
				ALWAYS_SEARCH_USER_PATHS = NO;
				CLANG_ANALYZER_NONNULL = YES;
				CLANG_ANALYZER_NUMBER_OBJECT_CONVERSION = YES_AGGRESSIVE;
				CLANG_CXX_LANGUAGE_STANDARD = "gnu++20";
				CLANG_ENABLE_MODULES = YES;
				CLANG_ENABLE_OBJC_ARC = YES;
				CLANG_ENABLE_OBJC_WEAK = YES;
				CLANG_WARN_BLOCK_CAPTURE_AUTORELEASING = YES;
				CLANG_WARN_BOOL_CONVERSION = YES;
				CLANG_WARN_COMMA = YES;
				CLANG_WARN_CONSTANT_CONVERSION = YES;
				CLANG_WARN_DEPRECATED_OBJC_IMPLEMENTATIONS = YES;
				CLANG_WARN_DIRECT_OBJC_ISA_USAGE = YES_ERROR;
				CLANG_WARN_DOCUMENTATION_COMMENTS = YES;
				CLANG_WARN_EMPTY_BODY = YES;
				CLANG_WARN_ENUM_CONVERSION = YES;
				CLANG_WARN_INFINITE_RECURSION = YES;
				CLANG_WARN_INT_CONVERSION = YES;
				CLANG_WARN_NON_LITERAL_NULL_CONVERSION = YES;
				CLANG_WARN_OBJC_IMPLICIT_RETAIN_SELF = YES;
				CLANG_WARN_OBJC_LITERAL_CONVERSION = YES;
				CLANG_WARN_OBJC_ROOT_CLASS = YES_ERROR;
				CLANG_WARN_QUOTED_INCLUDE_IN_FRAMEWORK_HEADER = YES;
				CLANG_WARN_RANGE_LOOP_ANALYSIS = YES;
				CLANG_WARN_STRICT_PROTOTYPES = YES;
				CLANG_WARN_SUSPICIOUS_MOVE = YES;
				CLANG_WARN_UNGUARDED_AVAILABILITY = YES_AGGRESSIVE;
				CLANG_WARN_UNREACHABLE_CODE = YES;
				CLANG_WARN__DUPLICATE_METHOD_MATCH = YES;
				COPY_PHASE_STRIP = NO;
				DEBUG_INFORMATION_FORMAT = "dwarf-with-dsym";
				ENABLE_NS_ASSERTIONS = NO;
				ENABLE_STRICT_OBJC_MSGSEND = YES;
				GCC_C_LANGUAGE_STANDARD = gnu11;
				GCC_NO_COMMON_BLOCKS = YES;
				GCC_WARN_64_TO_32_BIT_CONVERSION = YES;
				GCC_WARN_ABOUT_RETURN_TYPE = YES_ERROR;
				GCC_WARN_UNDECLARED_SELECTOR = YES;
				GCC_WARN_UNINITIALIZED_AUTOS = YES_AGGRESSIVE;
				GCC_WARN_UNUSED_FUNCTION = YES;
				GCC_WARN_UNUSED_VARIABLE = YES;
				IPHONEOS_DEPLOYMENT_TARGET = 15.0;
				MTL_ENABLE_DEBUG_INFO = NO;
				MTL_FAST_MATH = YES;
				SDKROOT = iphoneos;
				SWIFT_COMPILATION_MODE = wholemodule;
				SWIFT_OPTIMIZATION_LEVEL = "-O";
				VALIDATE_PRODUCT = YES;
			};
			name = Release;
		};
		3B0849F8293D364F00FC96B9 /* Debug */ = {
			isa = XCBuildConfiguration;
			buildSettings = {
				ASSETCATALOG_COMPILER_APPICON_NAME = AppIcon;
				ASSETCATALOG_COMPILER_GLOBAL_ACCENT_COLOR_NAME = AccentColor;
				CODE_SIGN_ENTITLEMENTS = Guardian/Guardian.entitlements;
				CODE_SIGN_STYLE = Automatic;
				CURRENT_PROJECT_VERSION = 1;
				DEBUG_INFORMATION_FORMAT = "dwarf-with-dsym";
				DEVELOPMENT_ASSET_PATHS = "\"Guardian/Preview Content\"";
				DEVELOPMENT_TEAM = LQ3RZZ6CFV;
				ENABLE_PREVIEWS = YES;
				GENERATE_INFOPLIST_FILE = YES;
				INFOPLIST_FILE = Guardian/Info.plist;
				INFOPLIST_KEY_NSLocationWhenInUseUsageDescription = "This app needs your location to find you.";
				INFOPLIST_KEY_UIApplicationSupportsIndirectInputEvents = YES;
				INFOPLIST_KEY_UILaunchScreen_Generation = YES;
				INFOPLIST_KEY_UISupportedInterfaceOrientations_iPad = "UIInterfaceOrientationPortrait UIInterfaceOrientationPortraitUpsideDown UIInterfaceOrientationLandscapeLeft UIInterfaceOrientationLandscapeRight";
				INFOPLIST_KEY_UISupportedInterfaceOrientations_iPhone = "UIInterfaceOrientationPortrait UIInterfaceOrientationLandscapeLeft UIInterfaceOrientationLandscapeRight";
				IPHONEOS_DEPLOYMENT_TARGET = 15.0;
				LD_RUNPATH_SEARCH_PATHS = (
					"$(inherited)",
					"@executable_path/Frameworks",
				);
				MARKETING_VERSION = 1.0;
				PRODUCT_BUNDLE_IDENTIFIER = com.siyuyao.Guardian;
				PRODUCT_NAME = "$(TARGET_NAME)";
				SWIFT_EMIT_LOC_STRINGS = YES;
				SWIFT_VERSION = 5.0;
				TARGETED_DEVICE_FAMILY = 1;
			};
			name = Debug;
		};
		3B0849F9293D364F00FC96B9 /* Release */ = {
			isa = XCBuildConfiguration;
			buildSettings = {
				ASSETCATALOG_COMPILER_APPICON_NAME = AppIcon;
				ASSETCATALOG_COMPILER_GLOBAL_ACCENT_COLOR_NAME = AccentColor;
				CODE_SIGN_ENTITLEMENTS = Guardian/Guardian.entitlements;
				CODE_SIGN_STYLE = Automatic;
				CURRENT_PROJECT_VERSION = 1;
				DEVELOPMENT_ASSET_PATHS = "\"Guardian/Preview Content\"";
				DEVELOPMENT_TEAM = LQ3RZZ6CFV;
				ENABLE_PREVIEWS = YES;
				GENERATE_INFOPLIST_FILE = YES;
				INFOPLIST_FILE = Guardian/Info.plist;
				INFOPLIST_KEY_NSLocationWhenInUseUsageDescription = "This app needs your location to find you.";
				INFOPLIST_KEY_UIApplicationSupportsIndirectInputEvents = YES;
				INFOPLIST_KEY_UILaunchScreen_Generation = YES;
				INFOPLIST_KEY_UISupportedInterfaceOrientations_iPad = "UIInterfaceOrientationPortrait UIInterfaceOrientationPortraitUpsideDown UIInterfaceOrientationLandscapeLeft UIInterfaceOrientationLandscapeRight";
				INFOPLIST_KEY_UISupportedInterfaceOrientations_iPhone = "UIInterfaceOrientationPortrait UIInterfaceOrientationLandscapeLeft UIInterfaceOrientationLandscapeRight";
				IPHONEOS_DEPLOYMENT_TARGET = 15.0;
				LD_RUNPATH_SEARCH_PATHS = (
					"$(inherited)",
					"@executable_path/Frameworks",
				);
				MARKETING_VERSION = 1.0;
				PRODUCT_BUNDLE_IDENTIFIER = com.siyuyao.Guardian;
				PRODUCT_NAME = "$(TARGET_NAME)";
				SWIFT_EMIT_LOC_STRINGS = YES;
				SWIFT_VERSION = 5.0;
				TARGETED_DEVICE_FAMILY = 1;
			};
			name = Release;
		};
/* End XCBuildConfiguration section */

/* Begin XCConfigurationList section */
		3B0849E4293D364E00FC96B9 /* Build configuration list for PBXProject "Guardian" */ = {
			isa = XCConfigurationList;
			buildConfigurations = (
				3B0849F5293D364F00FC96B9 /* Debug */,
				3B0849F6293D364F00FC96B9 /* Release */,
			);
			defaultConfigurationIsVisible = 0;
			defaultConfigurationName = Release;
		};
		3B0849F7293D364F00FC96B9 /* Build configuration list for PBXNativeTarget "Guardian" */ = {
			isa = XCConfigurationList;
			buildConfigurations = (
				3B0849F8293D364F00FC96B9 /* Debug */,
				3B0849F9293D364F00FC96B9 /* Release */,
			);
			defaultConfigurationIsVisible = 0;
			defaultConfigurationName = Release;
		};
/* End XCConfigurationList section */

/* Begin XCRemoteSwiftPackageReference section */
		3B99F861297B86AD0011B8E9 /* XCRemoteSwiftPackageReference "AlertToast" */ = {
			isa = XCRemoteSwiftPackageReference;
			repositoryURL = "https://github.com/elai950/AlertToast.git";
			requirement = {
				kind = upToNextMajorVersion;
				minimumVersion = 1.0.0;
			};
		};
		3BC6E7C42974EB36008DA312 /* XCRemoteSwiftPackageReference "firebase-ios-sdk" */ = {
			isa = XCRemoteSwiftPackageReference;
			repositoryURL = "https://github.com/firebase/firebase-ios-sdk";
			requirement = {
				kind = upToNextMajorVersion;
				minimumVersion = 9.0.0;
			};
		};
/* End XCRemoteSwiftPackageReference section */

/* Begin XCSwiftPackageProductDependency section */
		3B99F862297B86AD0011B8E9 /* AlertToast */ = {
			isa = XCSwiftPackageProductDependency;
			package = 3B99F861297B86AD0011B8E9 /* XCRemoteSwiftPackageReference "AlertToast" */;
			productName = AlertToast;
		};
		3BC6E7C52974EB36008DA312 /* FirebaseAnalytics */ = {
			isa = XCSwiftPackageProductDependency;
			package = 3BC6E7C42974EB36008DA312 /* XCRemoteSwiftPackageReference "firebase-ios-sdk" */;
			productName = FirebaseAnalytics;
		};
		3BC6E7C72974EB36008DA312 /* FirebaseCrashlytics */ = {
			isa = XCSwiftPackageProductDependency;
			package = 3BC6E7C42974EB36008DA312 /* XCRemoteSwiftPackageReference "firebase-ios-sdk" */;
			productName = FirebaseCrashlytics;
		};
		3BC6E7ED297760E2008DA312 /* FirebaseAuth */ = {
			isa = XCSwiftPackageProductDependency;
			package = 3BC6E7C42974EB36008DA312 /* XCRemoteSwiftPackageReference "firebase-ios-sdk" */;
			productName = FirebaseAuth;
		};
		3BFF15EE298C1CF100930D9D /* FirebaseDatabase */ = {
			isa = XCSwiftPackageProductDependency;
			package = 3BC6E7C42974EB36008DA312 /* XCRemoteSwiftPackageReference "firebase-ios-sdk" */;
			productName = FirebaseDatabase;
		};
		3BFF15F0298C1D1A00930D9D /* FirebaseDatabaseSwift */ = {
			isa = XCSwiftPackageProductDependency;
			package = 3BC6E7C42974EB36008DA312 /* XCRemoteSwiftPackageReference "firebase-ios-sdk" */;
			productName = FirebaseDatabaseSwift;
		};
		3BFF15F2298C1D2400930D9D /* FirebaseStorage */ = {
			isa = XCSwiftPackageProductDependency;
			package = 3BC6E7C42974EB36008DA312 /* XCRemoteSwiftPackageReference "firebase-ios-sdk" */;
			productName = FirebaseStorage;
		};
		3BFF15F4298C1D3200930D9D /* FirebaseAppCheck */ = {
			isa = XCSwiftPackageProductDependency;
			package = 3BC6E7C42974EB36008DA312 /* XCRemoteSwiftPackageReference "firebase-ios-sdk" */;
			productName = FirebaseAppCheck;
		};
/* End XCSwiftPackageProductDependency section */
	};
	rootObject = 3B0849E1293D364E00FC96B9 /* Project object */;
}
